{
  "nodes": {
    "flake-utils": {
      "locked": {
        "lastModified": 1631561581,
        "narHash": "sha256-3VQMV5zvxaVLvqqUrNz3iJelLw30mIVSfZmAaauM3dA=",
        "owner": "numtide",
        "repo": "flake-utils",
        "rev": "7e5bf3925f6fbdfaf50a2a7ca0be2879c4261d19",
        "type": "github"
      },
      "original": {
        "owner": "numtide",
        "repo": "flake-utils",
        "type": "github"
      }
    },
    "hackclub": {
      "inputs": {
        "nixpkgs": "nixpkgs",
        "sepia": "sepia"
      },
      "locked": {
        "lastModified": 1634439590,
        "narHash": "sha256-Xp+YyIhe6EsxRN5627YSACtgFdDCFmbcSIcgkvcC/TE=",
        "owner": "hackclub",
        "repo": "nix-overlay",
        "rev": "42e5cca32712f31fa7bab8e02030050cd94b85b7",
        "type": "github"
      },
      "original": {
        "owner": "hackclub",
        "repo": "nix-overlay",
        "type": "github"
      }
    },
    "home-manager": {
      "inputs": {
        "nixpkgs": [
          "nixpkgs"
        ]
      },
      "locked": {
        "lastModified": 1633596850,
        "narHash": "sha256-5+qVLYvfOropjLAvpQs/APtD8eYnEIbAd9a36lGHZM0=",
        "owner": "nix-community",
        "repo": "home-manager",
        "rev": "49695f33aac22358b59e49c94fe6472218e5d766",
        "type": "github"
      },
      "original": {
        "owner": "nix-community",
        "ref": "release-21.05",
        "repo": "home-manager",
        "type": "github"
      }
    },
    "nixpkgs": {
      "locked": {
        "lastModified": 1633329294,
        "narHash": "sha256-0LpQLS4KMgxslMgmDHmxG/5twFlXDBW9z4Or1iOrCvU=",
        "owner": "NixOS",
        "repo": "nixpkgs",
        "rev": "ee084c02040e864eeeb4cf4f8538d92f7c675671",
        "type": "github"
      },
      "original": {
        "owner": "NixOS",
        "ref": "nixpkgs-unstable",
        "repo": "nixpkgs",
        "type": "github"
      }
    },
    "nixpkgs_2": {
      "locked": {
        "lastModified": 1633329294,
        "narHash": "sha256-0LpQLS4KMgxslMgmDHmxG/5twFlXDBW9z4Or1iOrCvU=",
        "owner": "NixOS",
        "repo": "nixpkgs",
        "rev": "ee084c02040e864eeeb4cf4f8538d92f7c675671",
        "type": "github"
      },
      "original": {
        "owner": "NixOS",
        "ref": "nixpkgs-unstable",
        "repo": "nixpkgs",
        "type": "github"
      }
    },
    "nixpkgs_3": {
      "locked": {
        "lastModified": 1634327140,
        "narHash": "sha256-d5L7oMjUVC6VU0cQMsF0tceAPkmzuAQ51DWBFNChbEQ=",
        "owner": "nixos",
        "repo": "nixpkgs",
        "rev": "83667ff60a88e22b76ef4b0bdf5334670b39c2b6",
        "type": "github"
      },
      "original": {
        "owner": "nixos",
        "ref": "nixos-21.05",
        "repo": "nixpkgs",
        "type": "github"
      }
    },
    "root": {
      "inputs": {
        "hackclub": "hackclub",
        "home-manager": "home-manager",
        "nixpkgs": "nixpkgs_3"
      }
    },
    "sepia": {
      "inputs": {
        "flake-utils": "flake-utils",
        "nixpkgs": "nixpkgs_2"
      },
      "locked": {
        "lastModified": 1634422290,
        "narHash": "sha256-f79OFqqSWn/OOPnizYlFT5UwNSt9IA66KvsTHIrSQa8=",
        "owner": "rishiosaur",
        "repo": "sepiago",
        "rev": "1baccd748c42d00b4cf210ff55bb2e02646be5e6",
        "type": "github"
      },
      "original": {
        "owner": "rishiosaur",
        "repo": "sepiago",
        "type": "github"
      }
    }
  },
  "root": "root",
  "version": 7
}
