{
  "nodes": {
    "aces": {
      "inputs": {
        "flake-utils": "flake-utils",
        "nixpkgs": "nixpkgs"
      },
      "locked": {
        "lastModified": 1634514783,
        "narHash": "sha256-Mno9n+mxOM+znMxMNruXAYyRRhgR1y3WA8HnXlL/Qq8=",
        "owner": "quackduck",
        "repo": "aces",
        "rev": "8791ed2aa84f6eb93b96fb64c255bd78b13d6c4a",
        "type": "github"
      },
      "original": {
        "owner": "quackduck",
        "repo": "aces",
        "type": "github"
      }
    },
    "flake-utils": {
      "locked": {
        "lastModified": 1631561581,
        "narHash": "sha256-3VQMV5zvxaVLvqqUrNz3iJelLw30mIVSfZmAaauM3dA=",
        "owner": "numtide",
        "repo": "flake-utils",
        "rev": "7e5bf3925f6fbdfaf50a2a7ca0be2879c4261d19",
        "type": "github"
      },
      "original": {
        "owner": "numtide",
        "repo": "flake-utils",
        "type": "github"
      }
    },
    "flake-utils_2": {
      "locked": {
        "lastModified": 1631561581,
        "narHash": "sha256-3VQMV5zvxaVLvqqUrNz3iJelLw30mIVSfZmAaauM3dA=",
        "owner": "numtide",
        "repo": "flake-utils",
        "rev": "7e5bf3925f6fbdfaf50a2a7ca0be2879c4261d19",
        "type": "github"
      },
      "original": {
        "owner": "numtide",
        "repo": "flake-utils",
        "type": "github"
      }
    },
    "flake-utils_3": {
      "locked": {
        "lastModified": 1631561581,
        "narHash": "sha256-3VQMV5zvxaVLvqqUrNz3iJelLw30mIVSfZmAaauM3dA=",
        "owner": "numtide",
        "repo": "flake-utils",
        "rev": "7e5bf3925f6fbdfaf50a2a7ca0be2879c4261d19",
        "type": "github"
      },
      "original": {
        "owner": "numtide",
        "repo": "flake-utils",
        "type": "github"
      }
    },
    "flake-utils_4": {
      "locked": {
        "lastModified": 1631561581,
        "narHash": "sha256-3VQMV5zvxaVLvqqUrNz3iJelLw30mIVSfZmAaauM3dA=",
        "owner": "numtide",
        "repo": "flake-utils",
        "rev": "7e5bf3925f6fbdfaf50a2a7ca0be2879c4261d19",
        "type": "github"
      },
      "original": {
        "owner": "numtide",
        "repo": "flake-utils",
        "type": "github"
      }
    },
    "flake-utils_5": {
      "locked": {
        "lastModified": 1631561581,
        "narHash": "sha256-3VQMV5zvxaVLvqqUrNz3iJelLw30mIVSfZmAaauM3dA=",
        "owner": "numtide",
        "repo": "flake-utils",
        "rev": "7e5bf3925f6fbdfaf50a2a7ca0be2879c4261d19",
        "type": "github"
      },
      "original": {
        "owner": "numtide",
        "repo": "flake-utils",
        "type": "github"
      }
    },
    "flake-utils_6": {
      "locked": {
        "lastModified": 1631561581,
        "narHash": "sha256-3VQMV5zvxaVLvqqUrNz3iJelLw30mIVSfZmAaauM3dA=",
        "owner": "numtide",
        "repo": "flake-utils",
        "rev": "7e5bf3925f6fbdfaf50a2a7ca0be2879c4261d19",
        "type": "github"
      },
      "original": {
        "owner": "numtide",
        "repo": "flake-utils",
        "type": "github"
      }
    },
    "git-ignore-nix": {
      "inputs": {
        "nixpkgs": "nixpkgs_5"
      },
      "locked": {
        "lastModified": 1626413882,
        "narHash": "sha256-ZHw1YVsrs7rG9jPEH0ZabbbCTdnVr48FAwK6GCQPSF4=",
        "owner": "IvanMalison",
        "repo": "gitignore.nix",
        "rev": "a2ffb0bfd0145ca57d792a6f9f76f5c305ca29b7",
        "type": "github"
      },
      "original": {
        "owner": "IvanMalison",
        "ref": "master",
        "repo": "gitignore.nix",
        "type": "github"
      }
    },
    "git-ignore-nix_2": {
      "inputs": {
        "nixpkgs": "nixpkgs_7"
      },
      "locked": {
        "lastModified": 1626413882,
        "narHash": "sha256-ZHw1YVsrs7rG9jPEH0ZabbbCTdnVr48FAwK6GCQPSF4=",
        "owner": "IvanMalison",
        "repo": "gitignore.nix",
        "rev": "a2ffb0bfd0145ca57d792a6f9f76f5c305ca29b7",
        "type": "github"
      },
      "original": {
        "owner": "IvanMalison",
        "ref": "master",
        "repo": "gitignore.nix",
        "type": "github"
      }
    },
    "git-ignore-nix_3": {
      "inputs": {
        "nixpkgs": "nixpkgs_9"
      },
      "locked": {
        "lastModified": 1626413882,
        "narHash": "sha256-ZHw1YVsrs7rG9jPEH0ZabbbCTdnVr48FAwK6GCQPSF4=",
        "owner": "IvanMalison",
        "repo": "gitignore.nix",
        "rev": "a2ffb0bfd0145ca57d792a6f9f76f5c305ca29b7",
        "type": "github"
      },
      "original": {
        "owner": "IvanMalison",
        "ref": "master",
        "repo": "gitignore.nix",
        "type": "github"
      }
    },
    "git-ignore-nix_4": {
      "inputs": {
        "nixpkgs": "nixpkgs_11"
      },
      "locked": {
        "lastModified": 1626413882,
        "narHash": "sha256-ZHw1YVsrs7rG9jPEH0ZabbbCTdnVr48FAwK6GCQPSF4=",
        "owner": "IvanMalison",
        "repo": "gitignore.nix",
        "rev": "a2ffb0bfd0145ca57d792a6f9f76f5c305ca29b7",
        "type": "github"
      },
      "original": {
        "owner": "IvanMalison",
        "ref": "master",
        "repo": "gitignore.nix",
        "type": "github"
      }
    },
    "hackclub": {
      "inputs": {
        "aces": "aces",
        "nixpkgs": "nixpkgs_2",
        "sepia": "sepia"
      },
      "locked": {
        "lastModified": 1634515893,
        "narHash": "sha256-7s1Yety/vA8yJdxOAGL0omZwjTDsGjSz3VaPCVtJi/E=",
        "owner": "hackclub",
        "repo": "nix-overlay",
        "rev": "389cb1fbf18b44a04f894b641a9c68bca9e83b3f",
        "type": "github"
      },
      "original": {
        "owner": "hackclub",
        "repo": "nix-overlay",
        "type": "github"
      }
    },
    "home-manager": {
      "inputs": {
        "nixpkgs": [
          "nixpkgs"
        ]
      },
      "locked": {
        "lastModified": 1634543124,
        "narHash": "sha256-sPjP5GjZ0DgTgY8KljhGeix4L5ey7A3L1nm6lDffTh0=",
        "owner": "nix-community",
        "repo": "home-manager",
        "rev": "b5d738b5a3f8c3738433e0aa6482afb4ac635380",
        "type": "github"
      },
      "original": {
        "owner": "nix-community",
        "ref": "master",
        "repo": "home-manager",
        "type": "github"
      }
    },
    "nixpkgs": {
      "locked": {
        "lastModified": 1633422745,
        "narHash": "sha256-gA6Ok64nPbkjHk3Oanq4641EeYkjcKhisDF9wBjLxEk=",
        "owner": "NixOS",
        "repo": "nixpkgs",
        "rev": "8e1eab9eae4278c9bb1dcae426848a581943db5a",
        "type": "github"
      },
      "original": {
        "owner": "NixOS",
        "ref": "nixpkgs-unstable",
        "repo": "nixpkgs",
        "type": "github"
      }
    },
    "nixpkgs_10": {
      "locked": {
        "lastModified": 1634546730,
        "narHash": "sha256-ENAAiWEbjwWLnDh8GVDr6UxZdLKUvu9wAMyAGUMdHT8=",
        "owner": "NixOS",
        "repo": "nixpkgs",
        "rev": "eaad3c36f2360b91361327332dd6f9c78522f8af",
        "type": "github"
      },
      "original": {
        "id": "nixpkgs",
        "type": "indirect"
      }
    },
    "nixpkgs_11": {
      "locked": {
        "lastModified": 1634546730,
        "narHash": "sha256-ENAAiWEbjwWLnDh8GVDr6UxZdLKUvu9wAMyAGUMdHT8=",
        "owner": "NixOS",
        "repo": "nixpkgs",
        "rev": "eaad3c36f2360b91361327332dd6f9c78522f8af",
        "type": "github"
      },
      "original": {
        "id": "nixpkgs",
        "type": "indirect"
      }
    },
    "nixpkgs_12": {
      "locked": {
        "lastModified": 1634546730,
        "narHash": "sha256-ENAAiWEbjwWLnDh8GVDr6UxZdLKUvu9wAMyAGUMdHT8=",
        "owner": "NixOS",
        "repo": "nixpkgs",
        "rev": "eaad3c36f2360b91361327332dd6f9c78522f8af",
        "type": "github"
      },
      "original": {
        "id": "nixpkgs",
        "type": "indirect"
      }
    },
    "nixpkgs_2": {
      "locked": {
        "lastModified": 1633329294,
        "narHash": "sha256-0LpQLS4KMgxslMgmDHmxG/5twFlXDBW9z4Or1iOrCvU=",
        "owner": "NixOS",
        "repo": "nixpkgs",
        "rev": "ee084c02040e864eeeb4cf4f8538d92f7c675671",
        "type": "github"
      },
      "original": {
        "owner": "NixOS",
        "ref": "nixpkgs-unstable",
        "repo": "nixpkgs",
        "type": "github"
      }
    },
    "nixpkgs_3": {
      "locked": {
        "lastModified": 1633329294,
        "narHash": "sha256-0LpQLS4KMgxslMgmDHmxG/5twFlXDBW9z4Or1iOrCvU=",
        "owner": "NixOS",
        "repo": "nixpkgs",
        "rev": "ee084c02040e864eeeb4cf4f8538d92f7c675671",
        "type": "github"
      },
      "original": {
        "owner": "NixOS",
        "ref": "nixpkgs-unstable",
        "repo": "nixpkgs",
        "type": "github"
      }
    },
    "nixpkgs_4": {
      "locked": {
        "lastModified": 1634436779,
        "narHash": "sha256-D/nrXTWpe1bPIjFy85sgiLHYqu+AeaC6v5/+KlA9PRg=",
        "owner": "nixos",
        "repo": "nixpkgs",
        "rev": "9aeeb7574fb784eaf6395f4400705b5f619e6cc3",
        "type": "github"
      },
      "original": {
        "owner": "nixos",
        "ref": "nixos-unstable",
        "repo": "nixpkgs",
        "type": "github"
      }
    },
    "nixpkgs_5": {
      "locked": {
        "lastModified": 1634546730,
        "narHash": "sha256-ENAAiWEbjwWLnDh8GVDr6UxZdLKUvu9wAMyAGUMdHT8=",
        "owner": "NixOS",
        "repo": "nixpkgs",
        "rev": "eaad3c36f2360b91361327332dd6f9c78522f8af",
        "type": "github"
      },
      "original": {
        "id": "nixpkgs",
        "type": "indirect"
      }
    },
    "nixpkgs_6": {
      "locked": {
        "lastModified": 1634546730,
        "narHash": "sha256-ENAAiWEbjwWLnDh8GVDr6UxZdLKUvu9wAMyAGUMdHT8=",
        "owner": "NixOS",
        "repo": "nixpkgs",
        "rev": "eaad3c36f2360b91361327332dd6f9c78522f8af",
        "type": "github"
      },
      "original": {
        "id": "nixpkgs",
        "type": "indirect"
      }
    },
    "nixpkgs_7": {
      "locked": {
        "lastModified": 1634546730,
        "narHash": "sha256-ENAAiWEbjwWLnDh8GVDr6UxZdLKUvu9wAMyAGUMdHT8=",
        "owner": "NixOS",
        "repo": "nixpkgs",
        "rev": "eaad3c36f2360b91361327332dd6f9c78522f8af",
        "type": "github"
      },
      "original": {
        "id": "nixpkgs",
        "type": "indirect"
      }
    },
    "nixpkgs_8": {
      "locked": {
        "lastModified": 1634546730,
        "narHash": "sha256-ENAAiWEbjwWLnDh8GVDr6UxZdLKUvu9wAMyAGUMdHT8=",
        "owner": "NixOS",
        "repo": "nixpkgs",
        "rev": "eaad3c36f2360b91361327332dd6f9c78522f8af",
        "type": "github"
      },
      "original": {
        "id": "nixpkgs",
        "type": "indirect"
      }
    },
    "nixpkgs_9": {
      "locked": {
        "lastModified": 1634546730,
        "narHash": "sha256-ENAAiWEbjwWLnDh8GVDr6UxZdLKUvu9wAMyAGUMdHT8=",
        "owner": "NixOS",
        "repo": "nixpkgs",
        "rev": "eaad3c36f2360b91361327332dd6f9c78522f8af",
        "type": "github"
      },
      "original": {
        "id": "nixpkgs",
        "type": "indirect"
      }
    },
    "nur": {
      "locked": {
        "lastModified": 1634546422,
        "narHash": "sha256-xO1s9SsQ+/sBAn2hdkkGrv++o4988Ewcq/hKdp9O+9A=",
        "owner": "nix-community",
        "repo": "NUR",
        "rev": "0749ec77a9399e42209176d94bf6c3103bcf2315",
        "type": "github"
      },
      "original": {
        "owner": "nix-community",
        "repo": "NUR",
        "type": "github"
      }
    },
    "root": {
      "inputs": {
        "hackclub": "hackclub",
        "home-manager": "home-manager",
        "nixpkgs": "nixpkgs_4",
        "nur": "nur",
        "xmobar": "xmobar",
        "xmonad": "xmonad",
        "xmonad-contrib": "xmonad-contrib"
      }
    },
    "sepia": {
      "inputs": {
        "flake-utils": "flake-utils_2",
        "nixpkgs": "nixpkgs_3"
      },
      "locked": {
        "lastModified": 1634422290,
        "narHash": "sha256-f79OFqqSWn/OOPnizYlFT5UwNSt9IA66KvsTHIrSQa8=",
        "owner": "rishiosaur",
        "repo": "sepiago",
        "rev": "1baccd748c42d00b4cf210ff55bb2e02646be5e6",
        "type": "github"
      },
      "original": {
        "owner": "rishiosaur",
        "repo": "sepiago",
        "type": "github"
      }
    },
    "xmobar": {
      "inputs": {
        "flake-utils": "flake-utils_3",
        "git-ignore-nix": "git-ignore-nix",
        "nixpkgs": "nixpkgs_6"
      },
      "locked": {
        "lastModified": 1634465188,
        "narHash": "sha256-0eZoif65SEo7qDuyXhDVYeySHfipoWlgO6ytKAzetwE=",
        "owner": "tejasag",
        "repo": "xmobar",
        "rev": "c11d75e00dc269ea1646be280594e63091633326",
        "type": "github"
      },
      "original": {
        "owner": "tejasag",
        "repo": "xmobar",
        "type": "github"
      }
    },
    "xmonad": {
      "inputs": {
        "flake-utils": "flake-utils_4",
        "git-ignore-nix": "git-ignore-nix_2",
        "nixpkgs": "nixpkgs_8"
      },
      "locked": {
        "lastModified": 1634458442,
        "narHash": "sha256-msiCVllb/8toA8Fz8ZKeI9E8wKnKZQTkhCpjDazt+2w=",
        "owner": "xmonad",
        "repo": "xmonad",
        "rev": "b5b95e27ce94c51f07a0613674749278af1f5f6c",
        "type": "github"
      },
      "original": {
        "owner": "xmonad",
        "repo": "xmonad",
        "type": "github"
      }
    },
    "xmonad-contrib": {
      "inputs": {
        "flake-utils": "flake-utils_5",
        "git-ignore-nix": "git-ignore-nix_3",
        "nixpkgs": "nixpkgs_10",
        "xmonad": "xmonad_2"
      },
      "locked": {
        "lastModified": 1634233809,
        "narHash": "sha256-1NRulL2kSN0QXu39PNtFCty6oz6SFdE1sDn21YFu/rk=",
        "owner": "xmonad",
        "repo": "xmonad-contrib",
        "rev": "fa3536b40bc121b6cc724ee393b14b7db44db890",
        "type": "github"
      },
      "original": {
        "owner": "xmonad",
        "repo": "xmonad-contrib",
        "type": "github"
      }
    },
    "xmonad_2": {
      "inputs": {
        "flake-utils": "flake-utils_6",
        "git-ignore-nix": "git-ignore-nix_4",
        "nixpkgs": "nixpkgs_12"
      },
      "locked": {
        "lastModified": 1634458442,
        "narHash": "sha256-msiCVllb/8toA8Fz8ZKeI9E8wKnKZQTkhCpjDazt+2w=",
        "owner": "xmonad",
        "repo": "xmonad",
        "rev": "b5b95e27ce94c51f07a0613674749278af1f5f6c",
        "type": "github"
      },
      "original": {
        "owner": "xmonad",
        "repo": "xmonad",
        "type": "github"
      }
    }
  },
  "root": "root",
  "version": 7
}
