{
  "nodes": {
    "flake-utils": {
      "locked": {
        "lastModified": 1631561581,
        "narHash": "sha256-3VQMV5zvxaVLvqqUrNz3iJelLw30mIVSfZmAaauM3dA=",
        "owner": "numtide",
        "repo": "flake-utils",
        "rev": "7e5bf3925f6fbdfaf50a2a7ca0be2879c4261d19",
        "type": "github"
      },
      "original": {
        "owner": "numtide",
        "repo": "flake-utils",
        "type": "github"
      }
    },
    "hackclub": {
      "inputs": {
        "flake-utils": "flake-utils",
        "nixpkgs": "nixpkgs"
      },
      "locked": {
        "lastModified": 1634318024,
        "narHash": "sha256-czemQ//9Mih77EcZBQWz7lx/0TYVemkWQ1K56HxVCT8=",
        "owner": "hackclub",
        "repo": "nix-overlay",
        "rev": "b8b5c006cc631e6526cbc5b41a4bd69bc6043c2f",
        "type": "github"
      },
      "original": {
        "owner": "hackclub",
        "repo": "nix-overlay",
        "type": "github"
      }
    },
    "home-manager": {
      "inputs": {
        "nixpkgs": [
          "nixpkgs"
        ]
      },
      "locked": {
        "lastModified": 1633596850,
        "narHash": "sha256-5+qVLYvfOropjLAvpQs/APtD8eYnEIbAd9a36lGHZM0=",
        "owner": "nix-community",
        "repo": "home-manager",
        "rev": "49695f33aac22358b59e49c94fe6472218e5d766",
        "type": "github"
      },
      "original": {
        "owner": "nix-community",
        "ref": "release-21.05",
        "repo": "home-manager",
        "type": "github"
      }
    },
    "nixpkgs": {
      "locked": {
        "lastModified": 1634310966,
        "narHash": "sha256-SOA4vFd/DwlO+i+ZqwAu8vsrjPylWwHvN1FUiyVCBJA=",
        "owner": "NixOS",
        "repo": "nixpkgs",
        "rev": "cb10e4ddf6d58987e2b2eb41b827984af27ee98e",
        "type": "github"
      },
      "original": {
        "id": "nixpkgs",
        "type": "indirect"
      }
    },
    "nixpkgs_2": {
      "locked": {
        "lastModified": 1634115022,
        "narHash": "sha256-K9DZMQ47VRrg9gtTPwex5p0E8LnwM/dDkNe7AQW0qj0=",
        "owner": "nixos",
        "repo": "nixpkgs",
        "rev": "564cb4d81d4f734dd068684adec5a60077397fe9",
        "type": "github"
      },
      "original": {
        "owner": "nixos",
        "ref": "nixos-21.05",
        "repo": "nixpkgs",
        "type": "github"
      }
    },
    "root": {
      "inputs": {
        "hackclub": "hackclub",
        "home-manager": "home-manager",
        "nixpkgs": "nixpkgs_2"
      }
    }
  },
  "root": "root",
  "version": 7
}
